
Microsoft Visual Studio Solution File, Format Version 12.00
# Visual Studio Version 17
VisualStudioVersion = 17.3.32825.248
MinimumVisualStudioVersion = 10.0.40219.1
Project("{9A19103F-16F7-4668-BE54-9A1E7A4F7556}") = "SistemaHospitalar.Web", "src\SistemaHospitalar.Web\SistemaHospitalar.Web.csproj", "{C059ED8A-8F1D-4088-958C-4A458558ACD1}"
EndProject
Project("{FAE04EC0-301F-11D3-BF4B-00C04F79EFBC}") = "SistemaHospitalar.Domain", "src\SistemaHospitalar.Domain\SistemaHospitalar.Domain.csproj", "{9C4E73B4-49CB-4520-9F59-961696466349}"
EndProject
Project("{FAE04EC0-301F-11D3-BF4B-00C04F79EFBC}") = "SistemaHospitalar.Infra.Data", "src\SistemaHospitalar.Infra.Data\SistemaHospitalar.Infra.Data.csproj", "{F2BE0628-9453-4C77-A27D-10994AD96A79}"
EndProject
Project("{FAE04EC0-301F-11D3-BF4B-00C04F79EFBC}") = "SistemaHospitalar.Application.Service", "src\SistemaHospitalar.Application.Service\SistemaHospitalar.Application.Service.csproj", "{7AACA984-6432-4C33-8C4B-158B8ECDCA85}"
EndProject
Global
	GlobalSection(SolutionConfigurationPlatforms) = preSolution
		Debug|Any CPU = Debug|Any CPU
		Release|Any CPU = Release|Any CPU
	EndGlobalSection
	GlobalSection(ProjectConfigurationPlatforms) = postSolution
		{C059ED8A-8F1D-4088-958C-4A458558ACD1}.Debug|Any CPU.ActiveCfg = Debug|Any CPU
		{C059ED8A-8F1D-4088-958C-4A458558ACD1}.Debug|Any CPU.Build.0 = Debug|Any CPU
		{C059ED8A-8F1D-4088-958C-4A458558ACD1}.Release|Any CPU.ActiveCfg = Release|Any CPU
		{C059ED8A-8F1D-4088-958C-4A458558ACD1}.Release|Any CPU.Build.0 = Release|Any CPU
		{9C4E73B4-49CB-4520-9F59-961696466349}.Debug|Any CPU.ActiveCfg = Debug|Any CPU
		{9C4E73B4-49CB-4520-9F59-961696466349}.Debug|Any CPU.Build.0 = Debug|Any CPU
		{9C4E73B4-49CB-4520-9F59-961696466349}.Release|Any CPU.ActiveCfg = Release|Any CPU
		{9C4E73B4-49CB-4520-9F59-961696466349}.Release|Any CPU.Build.0 = Release|Any CPU
		{F2BE0628-9453-4C77-A27D-10994AD96A79}.Debug|Any CPU.ActiveCfg = Debug|Any CPU
		{F2BE0628-9453-4C77-A27D-10994AD96A79}.Debug|Any CPU.Build.0 = Debug|Any CPU
		{F2BE0628-9453-4C77-A27D-10994AD96A79}.Release|Any CPU.ActiveCfg = Release|Any CPU
		{F2BE0628-9453-4C77-A27D-10994AD96A79}.Release|Any CPU.Build.0 = Release|Any CPU
		{7AACA984-6432-4C33-8C4B-158B8ECDCA85}.Debug|Any CPU.ActiveCfg = Debug|Any CPU
		{7AACA984-6432-4C33-8C4B-158B8ECDCA85}.Debug|Any CPU.Build.0 = Debug|Any CPU
		{7AACA984-6432-4C33-8C4B-158B8ECDCA85}.Release|Any CPU.ActiveCfg = Release|Any CPU
		{7AACA984-6432-4C33-8C4B-158B8ECDCA85}.Release|Any CPU.Build.0 = Release|Any CPU
	EndGlobalSection
	GlobalSection(SolutionProperties) = preSolution
		HideSolutionNode = FALSE
	EndGlobalSection
	GlobalSection(ExtensibilityGlobals) = postSolution
		SolutionGuid = {433F4049-4AE9-4EB5-ADA4-A725AB2A4203}
	EndGlobalSection
EndGlobal
